
Microsoft Visual Studio Solution File, Format Version 12.00
# Visual Studio Version 17
VisualStudioVersion = 17.11.35312.102
MinimumVisualStudioVersion = 10.0.40219.1
Project("{FAE04EC0-301F-11D3-BF4B-00C04F79EFBC}") = "ex_1", "ex_1.csproj", "{F51FDCC1-8366-4C68-A9BC-57E448BAE783}"
EndProject
Global
	GlobalSection(SolutionConfigurationPlatforms) = preSolution
		Debug|Any CPU = Debug|Any CPU
		Release|Any CPU = Release|Any CPU
	EndGlobalSection
	GlobalSection(ProjectConfigurationPlatforms) = postSolution
		{F51FDCC1-8366-4C68-A9BC-57E448BAE783}.Debug|Any CPU.ActiveCfg = Debug|Any CPU
		{F51FDCC1-8366-4C68-A9BC-57E448BAE783}.Debug|Any CPU.Build.0 = Debug|Any CPU
		{F51FDCC1-8366-4C68-A9BC-57E448BAE783}.Release|Any CPU.ActiveCfg = Release|Any CPU
		{F51FDCC1-8366-4C68-A9BC-57E448BAE783}.Release|Any CPU.Build.0 = Release|Any CPU
	EndGlobalSection
	GlobalSection(SolutionProperties) = preSolution
		HideSolutionNode = FALSE
	EndGlobalSection
	GlobalSection(ExtensibilityGlobals) = postSolution
		SolutionGuid = {AE1A84BD-1559-4A73-A2C0-D56785775BFE}
	EndGlobalSection
EndGlobal
