
Microsoft Visual Studio Solution File, Format Version 12.00
# Visual Studio Version 17
VisualStudioVersion = 17.8.34330.188
MinimumVisualStudioVersion = 10.0.40219.1
Project("{FAE04EC0-301F-11D3-BF4B-00C04F79EFBC}") = "ex_4", "ex_4.csproj", "{EB19EC4E-FBA9-4329-9D8C-83D9DD152234}"
EndProject
Global
	GlobalSection(SolutionConfigurationPlatforms) = preSolution
		Debug|Any CPU = Debug|Any CPU
		Release|Any CPU = Release|Any CPU
	EndGlobalSection
	GlobalSection(ProjectConfigurationPlatforms) = postSolution
		{EB19EC4E-FBA9-4329-9D8C-83D9DD152234}.Debug|Any CPU.ActiveCfg = Debug|Any CPU
		{EB19EC4E-FBA9-4329-9D8C-83D9DD152234}.Debug|Any CPU.Build.0 = Debug|Any CPU
		{EB19EC4E-FBA9-4329-9D8C-83D9DD152234}.Release|Any CPU.ActiveCfg = Release|Any CPU
		{EB19EC4E-FBA9-4329-9D8C-83D9DD152234}.Release|Any CPU.Build.0 = Release|Any CPU
	EndGlobalSection
	GlobalSection(SolutionProperties) = preSolution
		HideSolutionNode = FALSE
	EndGlobalSection
	GlobalSection(ExtensibilityGlobals) = postSolution
		SolutionGuid = {15B0B230-999D-4CAD-AB21-8C3561F5D99F}
	EndGlobalSection
EndGlobal
