
Microsoft Visual Studio Solution File, Format Version 12.00
# Visual Studio Version 17
VisualStudioVersion = 17.11.35312.102
MinimumVisualStudioVersion = 10.0.40219.1
Project("{FAE04EC0-301F-11D3-BF4B-00C04F79EFBC}") = "ex_2", "ex_2.csproj", "{1D25A02F-97BA-4A76-98E8-C6CBDF6D7005}"
EndProject
Global
	GlobalSection(SolutionConfigurationPlatforms) = preSolution
		Debug|Any CPU = Debug|Any CPU
		Release|Any CPU = Release|Any CPU
	EndGlobalSection
	GlobalSection(ProjectConfigurationPlatforms) = postSolution
		{1D25A02F-97BA-4A76-98E8-C6CBDF6D7005}.Debug|Any CPU.ActiveCfg = Debug|Any CPU
		{1D25A02F-97BA-4A76-98E8-C6CBDF6D7005}.Debug|Any CPU.Build.0 = Debug|Any CPU
		{1D25A02F-97BA-4A76-98E8-C6CBDF6D7005}.Release|Any CPU.ActiveCfg = Release|Any CPU
		{1D25A02F-97BA-4A76-98E8-C6CBDF6D7005}.Release|Any CPU.Build.0 = Release|Any CPU
	EndGlobalSection
	GlobalSection(SolutionProperties) = preSolution
		HideSolutionNode = FALSE
	EndGlobalSection
	GlobalSection(ExtensibilityGlobals) = postSolution
		SolutionGuid = {18ED4CE0-69B5-4E6E-8B46-4EF88347D80A}
	EndGlobalSection
EndGlobal
